// !$*UTF8*$!
{
	archiveVersion = 1;
	classes = {
	};
	objectVersion = 50;
	objects = {

/* Begin PBXBuildFile section */
		B2DB4BDE24CE7C2600B1143E /* AppDelegate.swift in Sources */ = {isa = PBXBuildFile; fileRef = B2DB4BDD24CE7C2600B1143E /* AppDelegate.swift */; };
		B2DB4BE024CE7C2600B1143E /* art.scnassets in Resources */ = {isa = PBXBuildFile; fileRef = B2DB4BDF24CE7C2600B1143E /* art.scnassets */; };
		B2DB4BE224CE7C2600B1143E /* ViewController.swift in Sources */ = {isa = PBXBuildFile; fileRef = B2DB4BE124CE7C2600B1143E /* ViewController.swift */; };
		B2DB4BE524CE7C2600B1143E /* Main.storyboard in Resources */ = {isa = PBXBuildFile; fileRef = B2DB4BE324CE7C2600B1143E /* Main.storyboard */; };
		B2DB4BE724CE7C2800B1143E /* Assets.xcassets in Resources */ = {isa = PBXBuildFile; fileRef = B2DB4BE624CE7C2800B1143E /* Assets.xcassets */; };
		B2DB4BEA24CE7C2800B1143E /* LaunchScreen.storyboard in Resources */ = {isa = PBXBuildFile; fileRef = B2DB4BE824CE7C2800B1143E /* LaunchScreen.storyboard */; };
/* End PBXBuildFile section */

/* Begin PBXFileReference section */
		B2DB4BDA24CE7C2600B1143E /* AR Measure.app */ = {isa = PBXFileReference; explicitFileType = wrapper.application; includeInIndex = 0; path = "AR Measure.app"; sourceTree = BUILT_PRODUCTS_DIR; };
		B2DB4BDD24CE7C2600B1143E /* AppDelegate.swift */ = {isa = PBXFileReference; lastKnownFileType = sourcecode.swift; path = AppDelegate.swift; sourceTree = "<group>"; };
		B2DB4BDF24CE7C2600B1143E /* art.scnassets */ = {isa = PBXFileReference; lastKnownFileType = wrapper.scnassets; path = art.scnassets; sourceTree = "<group>"; };
		B2DB4BE124CE7C2600B1143E /* ViewController.swift */ = {isa = PBXFileReference; lastKnownFileType = sourcecode.swift; path = ViewController.swift; sourceTree = "<group>"; };
		B2DB4BE424CE7C2600B1143E /* Base */ = {isa = PBXFileReference; lastKnownFileType = file.storyboard; name = Base; path = Base.lproj/Main.storyboard; sourceTree = "<group>"; };
		B2DB4BE624CE7C2800B1143E /* Assets.xcassets */ = {isa = PBXFileReference; lastKnownFileType = folder.assetcatalog; path = Assets.xcassets; sourceTree = "<group>"; };
		B2DB4BE924CE7C2800B1143E /* Base */ = {isa = PBXFileReference; lastKnownFileType = file.storyboard; name = Base; path = Base.lproj/LaunchScreen.storyboard; sourceTree = "<group>"; };
		B2DB4BEB24CE7C2800B1143E /* Info.plist */ = {isa = PBXFileReference; lastKnownFileType = text.plist.xml; path = Info.plist; sourceTree = "<group>"; };
/* End PBXFileReference section */

/* Begin PBXFrameworksBuildPhase section */
		B2DB4BD724CE7C2600B1143E /* Frameworks */ = {
			isa = PBXFrameworksBuildPhase;
			buildActionMask = 2147483647;
			files = (
			);
			runOnlyForDeploymentPostprocessing = 0;
		};
/* End PBXFrameworksBuildPhase section */

/* Begin PBXGroup section */
		B2DB4BD124CE7C2600B1143E = {
			isa = PBXGroup;
			children = (
				B2DB4BDC24CE7C2600B1143E /* AR Measure */,
				B2DB4BDB24CE7C2600B1143E /* Products */,
			);
			sourceTree = "<group>";
		};
		B2DB4BDB24CE7C2600B1143E /* Products */ = {
			isa = PBXGroup;
			children = (
				B2DB4BDA24CE7C2600B1143E /* AR Measure.app */,
			);
			name = Products;
			sourceTree = "<group>";
		};
		B2DB4BDC24CE7C2600B1143E /* AR Measure */ = {
			isa = PBXGroup;
			children = (
				B2DB4BDD24CE7C2600B1143E /* AppDelegate.swift */,
				B2DB4BDF24CE7C2600B1143E /* art.scnassets */,
				B2DB4BE124CE7C2600B1143E /* ViewController.swift */,
				B2DB4BE324CE7C2600B1143E /* Main.storyboard */,
				B2DB4BE624CE7C2800B1143E /* Assets.xcassets */,
				B2DB4BE824CE7C2800B1143E /* LaunchScreen.storyboard */,
				B2DB4BEB24CE7C2800B1143E /* Info.plist */,
			);
			path = "AR Measure";
			sourceTree = "<group>";
		};
/* End PBXGroup section */

/* Begin PBXNativeTarget section */
		B2DB4BD924CE7C2600B1143E /* AR Measure */ = {
			isa = PBXNativeTarget;
			buildConfigurationList = B2DB4BEE24CE7C2800B1143E /* Build configuration list for PBXNativeTarget "AR Measure" */;
			buildPhases = (
				B2DB4BD624CE7C2600B1143E /* Sources */,
				B2DB4BD724CE7C2600B1143E /* Frameworks */,
				B2DB4BD824CE7C2600B1143E /* Resources */,
			);
			buildRules = (
			);
			dependencies = (
			);
			name = "AR Measure";
			productName = "AR Measure";
			productReference = B2DB4BDA24CE7C2600B1143E /* AR Measure.app */;
			productType = "com.apple.product-type.application";
		};
/* End PBXNativeTarget section */

/* Begin PBXProject section */
		B2DB4BD224CE7C2600B1143E /* Project object */ = {
			isa = PBXProject;
			attributes = {
				LastSwiftUpdateCheck = 1160;
				LastUpgradeCheck = 1160;
				ORGANIZATIONNAME = blazeapps;
				TargetAttributes = {
					B2DB4BD924CE7C2600B1143E = {
						CreatedOnToolsVersion = 11.6;
					};
				};
			};
			buildConfigurationList = B2DB4BD524CE7C2600B1143E /* Build configuration list for PBXProject "AR Measure" */;
			compatibilityVersion = "Xcode 9.3";
			developmentRegion = en;
			hasScannedForEncodings = 0;
			knownRegions = (
				en,
				Base,
			);
			mainGroup = B2DB4BD124CE7C2600B1143E;
			productRefGroup = B2DB4BDB24CE7C2600B1143E /* Products */;
			projectDirPath = "";
			projectRoot = "";
			targets = (
				B2DB4BD924CE7C2600B1143E /* AR Measure */,
			);
		};
/* End PBXProject section */

/* Begin PBXResourcesBuildPhase section */
		B2DB4BD824CE7C2600B1143E /* Resources */ = {
			isa = PBXResourcesBuildPhase;
			buildActionMask = 2147483647;
			files = (
				B2DB4BE024CE7C2600B1143E /* art.scnassets in Resources */,
				B2DB4BEA24CE7C2800B1143E /* LaunchScreen.storyboard in Resources */,
				B2DB4BE724CE7C2800B1143E /* Assets.xcassets in Resources */,
				B2DB4BE524CE7C2600B1143E /* Main.storyboard in Resources */,
			);
			runOnlyForDeploymentPostprocessing = 0;
		};
/* End PBXResourcesBuildPhase section */

/* Begin PBXSourcesBuildPhase section */
		B2DB4BD624CE7C2600B1143E /* Sources */ = {
			isa = PBXSourcesBuildPhase;
			buildActionMask = 2147483647;
			files = (
				B2DB4BE224CE7C2600B1143E /* ViewController.swift in Sources */,
				B2DB4BDE24CE7C2600B1143E /* AppDelegate.swift in Sources */,
			);
			runOnlyForDeploymentPostprocessing = 0;
		};
/* End PBXSourcesBuildPhase section */

/* Begin PBXVariantGroup section */
		B2DB4BE324CE7C2600B1143E /* Main.storyboard */ = {
			isa = PBXVariantGroup;
			children = (
				B2DB4BE424CE7C2600B1143E /* Base */,
			);
			name = Main.storyboard;
			sourceTree = "<group>";
		};
		B2DB4BE824CE7C2800B1143E /* LaunchScreen.storyboard */ = {
			isa = PBXVariantGroup;
			children = (
				B2DB4BE924CE7C2800B1143E /* Base */,
			);
			name = LaunchScreen.storyboard;
			sourceTree = "<group>";
		};
/* End PBXVariantGroup section */

/* Begin XCBuildConfiguration section */
		B2DB4BEC24CE7C2800B1143E /* Debug */ = {
			isa = XCBuildConfiguration;
			buildSettings = {
				ALWAYS_SEARCH_USER_PATHS = NO;
				CLANG_ANALYZER_NONNULL = YES;
				CLANG_ANALYZER_NUMBER_OBJECT_CONVERSION = YES_AGGRESSIVE;
				CLANG_CXX_LANGUAGE_STANDARD = "gnu++14";
				CLANG_CXX_LIBRARY = "libc++";
				CLANG_ENABLE_MODULES = YES;
				CLANG_ENABLE_OBJC_ARC = YES;
				CLANG_ENABLE_OBJC_WEAK = YES;
				CLANG_WARN_BLOCK_CAPTURE_AUTORELEASING = YES;
				CLANG_WARN_BOOL_CONVERSION = YES;
				CLANG_WARN_COMMA = YES;
				CLANG_WARN_CONSTANT_CONVERSION = YES;
				CLANG_WARN_DEPRECATED_OBJC_IMPLEMENTATIONS = YES;
				CLANG_WARN_DIRECT_OBJC_ISA_USAGE = YES_ERROR;
				CLANG_WARN_DOCUMENTATION_COMMENTS = YES;
				CLANG_WARN_EMPTY_BODY = YES;
				CLANG_WARN_ENUM_CONVERSION = YES;
				CLANG_WARN_INFINITE_RECURSION = YES;
				CLANG_WARN_INT_CONVERSION = YES;
				CLANG_WARN_NON_LITERAL_NULL_CONVERSION = YES;
				CLANG_WARN_OBJC_IMPLICIT_RETAIN_SELF = YES;
				CLANG_WARN_OBJC_LITERAL_CONVERSION = YES;
				CLANG_WARN_OBJC_ROOT_CLASS = YES_ERROR;
				CLANG_WARN_RANGE_LOOP_ANALYSIS = YES;
				CLANG_WARN_STRICT_PROTOTYPES = YES;
				CLANG_WARN_SUSPICIOUS_MOVE = YES;
				CLANG_WARN_UNGUARDED_AVAILABILITY = YES_AGGRESSIVE;
				CLANG_WARN_UNREACHABLE_CODE = YES;
				CLANG_WARN__DUPLICATE_METHOD_MATCH = YES;
				COPY_PHASE_STRIP = NO;
				DEBUG_INFORMATION_FORMAT = dwarf;
				ENABLE_STRICT_OBJC_MSGSEND = YES;
				ENABLE_TESTABILITY = YES;
				GCC_C_LANGUAGE_STANDARD = gnu11;
				GCC_DYNAMIC_NO_PIC = NO;
				GCC_NO_COMMON_BLOCKS = YES;
				GCC_OPTIMIZATION_LEVEL = 0;
				GCC_PREPROCESSOR_DEFINITIONS = (
					"DEBUG=1",
					"$(inherited)",
				);
				GCC_WARN_64_TO_32_BIT_CONVERSION = YES;
				GCC_WARN_ABOUT_RETURN_TYPE = YES_ERROR;
				GCC_WARN_UNDECLARED_SELECTOR = YES;
				GCC_WARN_UNINITIALIZED_AUTOS = YES_AGGRESSIVE;
				GCC_WARN_UNUSED_FUNCTION = YES;
				GCC_WARN_UNUSED_VARIABLE = YES;
				IPHONEOS_DEPLOYMENT_TARGET = 13.6;
				MTL_ENABLE_DEBUG_INFO = INCLUDE_SOURCE;
				MTL_FAST_MATH = YES;
				ONLY_ACTIVE_ARCH = YES;
				SDKROOT = iphoneos;
				SWIFT_ACTIVE_COMPILATION_CONDITIONS = DEBUG;
				SWIFT_OPTIMIZATION_LEVEL = "-Onone";
			};
			name = Debug;
		};
		B2DB4BED24CE7C2800B1143E /* Release */ = {
			isa = XCBuildConfiguration;
			buildSettings = {
				ALWAYS_SEARCH_USER_PATHS = NO;
				CLANG_ANALYZER_NONNULL = YES;
				CLANG_ANALYZER_NUMBER_OBJECT_CONVERSION = YES_AGGRESSIVE;
				CLANG_CXX_LANGUAGE_STANDARD = "gnu++14";
				CLANG_CXX_LIBRARY = "libc++";
				CLANG_ENABLE_MODULES = YES;
				CLANG_ENABLE_OBJC_ARC = YES;
				CLANG_ENABLE_OBJC_WEAK = YES;
				CLANG_WARN_BLOCK_CAPTURE_AUTORELEASING = YES;
				CLANG_WARN_BOOL_CONVERSION = YES;
				CLANG_WARN_COMMA = YES;
				CLANG_WARN_CONSTANT_CONVERSION = YES;
				CLANG_WARN_DEPRECATED_OBJC_IMPLEMENTATIONS = YES;
				CLANG_WARN_DIRECT_OBJC_ISA_USAGE = YES_ERROR;
				CLANG_WARN_DOCUMENTATION_COMMENTS = YES;
				CLANG_WARN_EMPTY_BODY = YES;
				CLANG_WARN_ENUM_CONVERSION = YES;
				CLANG_WARN_INFINITE_RECURSION = YES;
				CLANG_WARN_INT_CONVERSION = YES;
				CLANG_WARN_NON_LITERAL_NULL_CONVERSION = YES;
				CLANG_WARN_OBJC_IMPLICIT_RETAIN_SELF = YES;
				CLANG_WARN_OBJC_LITERAL_CONVERSION = YES;
				CLANG_WARN_OBJC_ROOT_CLASS = YES_ERROR;
				CLANG_WARN_RANGE_LOOP_ANALYSIS = YES;
				CLANG_WARN_STRICT_PROTOTYPES = YES;
				CLANG_WARN_SUSPICIOUS_MOVE = YES;
				CLANG_WARN_UNGUARDED_AVAILABILITY = YES_AGGRESSIVE;
				CLANG_WARN_UNREACHABLE_CODE = YES;
				CLANG_WARN__DUPLICATE_METHOD_MATCH = YES;
				COPY_PHASE_STRIP = NO;
				DEBUG_INFORMATION_FORMAT = "dwarf-with-dsym";
				ENABLE_NS_ASSERTIONS = NO;
				ENABLE_STRICT_OBJC_MSGSEND = YES;
				GCC_C_LANGUAGE_STANDARD = gnu11;
				GCC_NO_COMMON_BLOCKS = YES;
				GCC_WARN_64_TO_32_BIT_CONVERSION = YES;
				GCC_WARN_ABOUT_RETURN_TYPE = YES_ERROR;
				GCC_WARN_UNDECLARED_SELECTOR = YES;
				GCC_WARN_UNINITIALIZED_AUTOS = YES_AGGRESSIVE;
				GCC_WARN_UNUSED_FUNCTION = YES;
				GCC_WARN_UNUSED_VARIABLE = YES;
				IPHONEOS_DEPLOYMENT_TARGET = 13.6;
				MTL_ENABLE_DEBUG_INFO = NO;
				MTL_FAST_MATH = YES;
				SDKROOT = iphoneos;
				SWIFT_COMPILATION_MODE = wholemodule;
				SWIFT_OPTIMIZATION_LEVEL = "-O";
				VALIDATE_PRODUCT = YES;
			};
			name = Release;
		};
		B2DB4BEF24CE7C2800B1143E /* Debug */ = {
			isa = XCBuildConfiguration;
			buildSettings = {
				ASSETCATALOG_COMPILER_APPICON_NAME = AppIcon;
				CODE_SIGN_STYLE = Automatic;
				DEVELOPMENT_TEAM = QMSK8P2267;
				INFOPLIST_FILE = "AR Measure/Info.plist";
				IPHONEOS_DEPLOYMENT_TARGET = 13.0;
				LD_RUNPATH_SEARCH_PATHS = (
					"$(inherited)",
					"@executable_path/Frameworks",
				);
				PRODUCT_BUNDLE_IDENTIFIER = "com.blazeapps.AR-Measure";
				PRODUCT_NAME = "$(TARGET_NAME)";
				SWIFT_VERSION = 5.0;
				TARGETED_DEVICE_FAMILY = "1,2";
			};
			name = Debug;
		};
		B2DB4BF024CE7C2800B1143E /* Release */ = {
			isa = XCBuildConfiguration;
			buildSettings = {
				ASSETCATALOG_COMPILER_APPICON_NAME = AppIcon;
				CODE_SIGN_STYLE = Automatic;
				DEVELOPMENT_TEAM = QMSK8P2267;
				INFOPLIST_FILE = "AR Measure/Info.plist";
				IPHONEOS_DEPLOYMENT_TARGET = 13.0;
				LD_RUNPATH_SEARCH_PATHS = (
					"$(inherited)",
					"@executable_path/Frameworks",
				);
				PRODUCT_BUNDLE_IDENTIFIER = "com.blazeapps.AR-Measure";
				PRODUCT_NAME = "$(TARGET_NAME)";
				SWIFT_VERSION = 5.0;
				TARGETED_DEVICE_FAMILY = "1,2";
			};
			name = Release;
		};
/* End XCBuildConfiguration section */

/* Begin XCConfigurationList section */
		B2DB4BD524CE7C2600B1143E /* Build configuration list for PBXProject "AR Measure" */ = {
			isa = XCConfigurationList;
			buildConfigurations = (
				B2DB4BEC24CE7C2800B1143E /* Debug */,
				B2DB4BED24CE7C2800B1143E /* Release */,
			);
			defaultConfigurationIsVisible = 0;
			defaultConfigurationName = Release;
		};
		B2DB4BEE24CE7C2800B1143E /* Build configuration list for PBXNativeTarget "AR Measure" */ = {
			isa = XCConfigurationList;
			buildConfigurations = (
				B2DB4BEF24CE7C2800B1143E /* Debug */,
				B2DB4BF024CE7C2800B1143E /* Release */,
			);
			defaultConfigurationIsVisible = 0;
			defaultConfigurationName = Release;
		};
/* End XCConfigurationList section */
	};
	rootObject = B2DB4BD224CE7C2600B1143E /* Project object */;
}
